// !$*UTF8*$!
{
	archiveVersion = 1;
	classes = {
	};
	objectVersion = 46;
	objects = {

/* Begin PBXBuildFile section */
		A964B92419A0EC5F00D96640 /* libvunglesdk.a in Frameworks */ = {isa = PBXBuildFile; fileRef = A964B91C19A0EC5F00D96640 /* libvunglesdk.a */; };
		A964B97B19A0F02100D96640 /* VungleBytesAssetLoader.m in Sources */ = {isa = PBXBuildFile; fileRef = A964B97A19A0F02100D96640 /* VungleBytesAssetLoader.m */; };
		FADC44AB176EA82000B2D5ED /* Foundation.framework in Frameworks */ = {isa = PBXBuildFile; fileRef = FADC44AA176EA82000B2D5ED /* Foundation.framework */; };
		FADC44C6176EA84500B2D5ED /* Vungle.mm in Sources */ = {isa = PBXBuildFile; fileRef = FADC44C4176EA84500B2D5ED /* Vungle.mm */; };
/* End PBXBuildFile section */

/* Begin PBXCopyFilesBuildPhase section */
		FADC44A5176EA82000B2D5ED /* CopyFiles */ = {
			isa = PBXCopyFilesBuildPhase;
			buildActionMask = 2147483647;
			dstPath = "include/${PRODUCT_NAME}";
			dstSubfolderSpec = 16;
			files = (
			);
			runOnlyForDeploymentPostprocessing = 0;
		};
/* End PBXCopyFilesBuildPhase section */

/* Begin PBXFileReference section */
		A964B91B19A0EC5F00D96640 /* VungleSDK.h */ = {isa = PBXFileReference; fileEncoding = 4; lastKnownFileType = sourcecode.c.h; path = VungleSDK.h; sourceTree = "<group>"; };
		A964B91C19A0EC5F00D96640 /* libvunglesdk.a */ = {isa = PBXFileReference; lastKnownFileType = archive.ar; path = libvunglesdk.a; sourceTree = "<group>"; };
		A964B91E19A0EC5F00D96640 /* __vungle.db */ = {isa = PBXFileReference; lastKnownFileType = file; path = __vungle.db; sourceTree = "<group>"; };
		A964B91F19A0EC5F00D96640 /* vg_close.png */ = {isa = PBXFileReference; lastKnownFileType = image.png; path = vg_close.png; sourceTree = "<group>"; };
		A964B92019A0EC5F00D96640 /* vg_cta.png */ = {isa = PBXFileReference; lastKnownFileType = image.png; path = vg_cta.png; sourceTree = "<group>"; };
		A964B92119A0EC5F00D96640 /* vg_mute_off.png */ = {isa = PBXFileReference; lastKnownFileType = image.png; path = vg_mute_off.png; sourceTree = "<group>"; };
		A964B92219A0EC5F00D96640 /* vg_mute_on.png */ = {isa = PBXFileReference; lastKnownFileType = image.png; path = vg_mute_on.png; sourceTree = "<group>"; };
		A964B92319A0EC5F00D96640 /* vg_timer.png */ = {isa = PBXFileReference; lastKnownFileType = image.png; path = vg_timer.png; sourceTree = "<group>"; };
		A964B97319A0F02100D96640 /* __vungle.db.h */ = {isa = PBXFileReference; fileEncoding = 4; lastKnownFileType = sourcecode.c.h; path = __vungle.db.h; sourceTree = "<group>"; };
		A964B97419A0F02100D96640 /* vg_close.png.h */ = {isa = PBXFileReference; fileEncoding = 4; lastKnownFileType = sourcecode.c.h; path = vg_close.png.h; sourceTree = "<group>"; };
		A964B97519A0F02100D96640 /* vg_cta.png.h */ = {isa = PBXFileReference; fileEncoding = 4; lastKnownFileType = sourcecode.c.h; path = vg_cta.png.h; sourceTree = "<group>"; };
		A964B97619A0F02100D96640 /* vg_mute_off.png.h */ = {isa = PBXFileReference; fileEncoding = 4; lastKnownFileType = sourcecode.c.h; path = vg_mute_off.png.h; sourceTree = "<group>"; };
		A964B97719A0F02100D96640 /* vg_mute_on.png.h */ = {isa = PBXFileReference; fileEncoding = 4; lastKnownFileType = sourcecode.c.h; path = vg_mute_on.png.h; sourceTree = "<group>"; };
		A964B97819A0F02100D96640 /* vg_timer.png.h */ = {isa = PBXFileReference; fileEncoding = 4; lastKnownFileType = sourcecode.c.h; path = vg_timer.png.h; sourceTree = "<group>"; };
		A964B97919A0F02100D96640 /* VungleBytesAssetLoader.h */ = {isa = PBXFileReference; fileEncoding = 4; lastKnownFileType = sourcecode.c.h; path = VungleBytesAssetLoader.h; sourceTree = "<group>"; };
		A964B97A19A0F02100D96640 /* VungleBytesAssetLoader.m */ = {isa = PBXFileReference; fileEncoding = 4; lastKnownFileType = sourcecode.c.objc; path = VungleBytesAssetLoader.m; sourceTree = "<group>"; };
		FADC44A7176EA82000B2D5ED /* libPluginVungle.a */ = {isa = PBXFileReference; explicitFileType = archive.ar; includeInIndex = 0; path = libPluginVungle.a; sourceTree = BUILT_PRODUCTS_DIR; };
		FADC44AA176EA82000B2D5ED /* Foundation.framework */ = {isa = PBXFileReference; lastKnownFileType = wrapper.framework; name = Foundation.framework; path = System/Library/Frameworks/Foundation.framework; sourceTree = SDKROOT; };
		FADC44C3176EA84500B2D5ED /* Vungle.h */ = {isa = PBXFileReference; fileEncoding = 4; lastKnownFileType = sourcecode.c.h; path = Vungle.h; sourceTree = "<group>"; };
		FADC44C4176EA84500B2D5ED /* Vungle.mm */ = {isa = PBXFileReference; fileEncoding = 4; lastKnownFileType = sourcecode.cpp.objcpp; path = Vungle.mm; sourceTree = "<group>"; };
		FADC44C7176EA85F00B2D5ED /* PluginVungle-Prefix.pch */ = {isa = PBXFileReference; fileEncoding = 4; lastKnownFileType = sourcecode.c.h; path = "PluginVungle-Prefix.pch"; sourceTree = "<group>"; };
/* End PBXFileReference section */

/* Begin PBXFrameworksBuildPhase section */
		FADC44A4176EA82000B2D5ED /* Frameworks */ = {
			isa = PBXFrameworksBuildPhase;
			buildActionMask = 2147483647;
			files = (
				FADC44AB176EA82000B2D5ED /* Foundation.framework in Frameworks */,
				A964B92419A0EC5F00D96640 /* libvunglesdk.a in Frameworks */,
			);
			runOnlyForDeploymentPostprocessing = 0;
		};
/* End PBXFrameworksBuildPhase section */

/* Begin PBXGroup section */
		A964B91919A0EC5F00D96640 /* Vungle */ = {
			isa = PBXGroup;
			children = (
				A964B91A19A0EC5F00D96640 /* include */,
				A964B91C19A0EC5F00D96640 /* libvunglesdk.a */,
				A964B91D19A0EC5F00D96640 /* resources */,
			);
			path = Vungle;
			sourceTree = "<group>";
		};
		A964B91A19A0EC5F00D96640 /* include */ = {
			isa = PBXGroup;
			children = (
				A964B91B19A0EC5F00D96640 /* VungleSDK.h */,
			);
			path = include;
			sourceTree = "<group>";
		};
		A964B91D19A0EC5F00D96640 /* resources */ = {
			isa = PBXGroup;
			children = (
				A964B91E19A0EC5F00D96640 /* __vungle.db */,
				A964B91F19A0EC5F00D96640 /* vg_close.png */,
				A964B92019A0EC5F00D96640 /* vg_cta.png */,
				A964B92119A0EC5F00D96640 /* vg_mute_off.png */,
				A964B92219A0EC5F00D96640 /* vg_mute_on.png */,
				A964B92319A0EC5F00D96640 /* vg_timer.png */,
			);
			path = resources;
			sourceTree = "<group>";
		};
		A964B97219A0F02100D96640 /* VGBytesAssetLoader */ = {
			isa = PBXGroup;
			children = (
				A964B97319A0F02100D96640 /* __vungle.db.h */,
				A964B97419A0F02100D96640 /* vg_close.png.h */,
				A964B97519A0F02100D96640 /* vg_cta.png.h */,
				A964B97619A0F02100D96640 /* vg_mute_off.png.h */,
				A964B97719A0F02100D96640 /* vg_mute_on.png.h */,
				A964B97819A0F02100D96640 /* vg_timer.png.h */,
				A964B97919A0F02100D96640 /* VungleBytesAssetLoader.h */,
				A964B97A19A0F02100D96640 /* VungleBytesAssetLoader.m */,
			);
			path = VGBytesAssetLoader;
			sourceTree = "<group>";
		};
		FADC449E176EA82000B2D5ED = {
			isa = PBXGroup;
			children = (
				A964B97219A0F02100D96640 /* VGBytesAssetLoader */,
				A964B91919A0EC5F00D96640 /* Vungle */,
				FADC44C7176EA85F00B2D5ED /* PluginVungle-Prefix.pch */,
				FADC44C3176EA84500B2D5ED /* Vungle.h */,
				FADC44C4176EA84500B2D5ED /* Vungle.mm */,
				FADC44A9176EA82000B2D5ED /* Frameworks */,
				FADC44A8176EA82000B2D5ED /* Products */,
			);
			sourceTree = "<group>";
		};
		FADC44A8176EA82000B2D5ED /* Products */ = {
			isa = PBXGroup;
			children = (
				FADC44A7176EA82000B2D5ED /* libPluginVungle.a */,
			);
			name = Products;
			sourceTree = "<group>";
		};
		FADC44A9176EA82000B2D5ED /* Frameworks */ = {
			isa = PBXGroup;
			children = (
				FADC44AA176EA82000B2D5ED /* Foundation.framework */,
			);
			name = Frameworks;
			sourceTree = "<group>";
		};
/* End PBXGroup section */

/* Begin PBXNativeTarget section */
		FADC44A6176EA82000B2D5ED /* PluginVungle */ = {
			isa = PBXNativeTarget;
			buildConfigurationList = FADC44B5176EA82000B2D5ED /* Build configuration list for PBXNativeTarget "PluginVungle" */;
			buildPhases = (
				FADC44A3176EA82000B2D5ED /* Sources */,
				FADC44A4176EA82000B2D5ED /* Frameworks */,
				FADC44A5176EA82000B2D5ED /* CopyFiles */,
			);
			buildRules = (
			);
			dependencies = (
			);
			name = PluginVungle;
			productName = PluginAdmob;
			productReference = FADC44A7176EA82000B2D5ED /* libPluginVungle.a */;
			productType = "com.apple.product-type.library.static";
		};
/* End PBXNativeTarget section */

/* Begin PBXProject section */
		FADC449F176EA82000B2D5ED /* Project object */ = {
			isa = PBXProject;
			attributes = {
				LastUpgradeCheck = 0460;
				ORGANIZATIONNAME = "cocos2d-x";
			};
			buildConfigurationList = FADC44A2176EA82000B2D5ED /* Build configuration list for PBXProject "PluginVungle" */;
			compatibilityVersion = "Xcode 3.2";
			developmentRegion = English;
			hasScannedForEncodings = 0;
			knownRegions = (
				en,
			);
			mainGroup = FADC449E176EA82000B2D5ED;
			productRefGroup = FADC44A8176EA82000B2D5ED /* Products */;
			projectDirPath = "";
			projectRoot = "";
			targets = (
				FADC44A6176EA82000B2D5ED /* PluginVungle */,
			);
		};
/* End PBXProject section */

/* Begin PBXSourcesBuildPhase section */
		FADC44A3176EA82000B2D5ED /* Sources */ = {
			isa = PBXSourcesBuildPhase;
			buildActionMask = 2147483647;
			files = (
				A964B97B19A0F02100D96640 /* VungleBytesAssetLoader.m in Sources */,
				FADC44C6176EA84500B2D5ED /* Vungle.mm in Sources */,
			);
			runOnlyForDeploymentPostprocessing = 0;
		};
/* End PBXSourcesBuildPhase section */

/* Begin XCBuildConfiguration section */
		FADC44B3176EA82000B2D5ED /* Debug */ = {
			isa = XCBuildConfiguration;
			buildSettings = {
				ALWAYS_SEARCH_USER_PATHS = NO;
				CLANG_CXX_LANGUAGE_STANDARD = "gnu++0x";
				CLANG_CXX_LIBRARY = "libc++";
				CLANG_WARN_CONSTANT_CONVERSION = YES;
				CLANG_WARN_EMPTY_BODY = YES;
				CLANG_WARN_ENUM_CONVERSION = YES;
				CLANG_WARN_INT_CONVERSION = YES;
				CLANG_WARN__DUPLICATE_METHOD_MATCH = YES;
				COPY_PHASE_STRIP = NO;
				GCC_C_LANGUAGE_STANDARD = gnu99;
				GCC_DYNAMIC_NO_PIC = NO;
				GCC_OPTIMIZATION_LEVEL = 0;
				GCC_PREPROCESSOR_DEFINITIONS = (
					"DEBUG=1",
					"$(inherited)",
				);
				GCC_SYMBOLS_PRIVATE_EXTERN = NO;
				GCC_WARN_ABOUT_RETURN_TYPE = YES;
				GCC_WARN_UNINITIALIZED_AUTOS = YES;
				GCC_WARN_UNUSED_VARIABLE = YES;
				IPHONEOS_DEPLOYMENT_TARGET = 6.1;
				ONLY_ACTIVE_ARCH = YES;
				SDKROOT = iphoneos;
			};
			name = Debug;
		};
		FADC44B4176EA82000B2D5ED /* Release */ = {
			isa = XCBuildConfiguration;
			buildSettings = {
				ALWAYS_SEARCH_USER_PATHS = NO;
				CLANG_CXX_LANGUAGE_STANDARD = "gnu++0x";
				CLANG_CXX_LIBRARY = "libc++";
				CLANG_WARN_CONSTANT_CONVERSION = YES;
				CLANG_WARN_EMPTY_BODY = YES;
				CLANG_WARN_ENUM_CONVERSION = YES;
				CLANG_WARN_INT_CONVERSION = YES;
				CLANG_WARN__DUPLICATE_METHOD_MATCH = YES;
				COPY_PHASE_STRIP = YES;
				GCC_C_LANGUAGE_STANDARD = gnu99;
				GCC_WARN_ABOUT_RETURN_TYPE = YES;
				GCC_WARN_UNINITIALIZED_AUTOS = YES;
				GCC_WARN_UNUSED_VARIABLE = YES;
				IPHONEOS_DEPLOYMENT_TARGET = 6.1;
				SDKROOT = iphoneos;
				VALIDATE_PRODUCT = YES;
			};
			name = Release;
		};
		FADC44B6176EA82000B2D5ED /* Debug */ = {
			isa = XCBuildConfiguration;
			buildSettings = {
				CLANG_CXX_LANGUAGE_STANDARD = "compiler-default";
				CLANG_CXX_LIBRARY = "compiler-default";
				DSTROOT = /tmp/PluginVungle.dst;
				GCC_C_LANGUAGE_STANDARD = "compiler-default";
				GCC_PRECOMPILE_PREFIX_HEADER = YES;
				GCC_PREFIX_HEADER = "PluginVungle-Prefix.pch";
				HEADER_SEARCH_PATHS = "$(SRCROOT)/../../../protocols/platform/ios";
				LIBRARY_SEARCH_PATHS = (
					"$(inherited)",
					"\"$(SRCROOT)/Vungle/include\"",
					"$(PROJECT_DIR)/Vungle",
				);
				ONLY_ACTIVE_ARCH = NO;
				OTHER_LDFLAGS = "-ObjC";
				PRODUCT_NAME = PluginVungle;
				SKIP_INSTALL = YES;
			};
			name = Debug;
		};
		FADC44B7176EA82000B2D5ED /* Release */ = {
			isa = XCBuildConfiguration;
			buildSettings = {
				CLANG_CXX_LANGUAGE_STANDARD = "compiler-default";
				CLANG_CXX_LIBRARY = "compiler-default";
				DSTROOT = /tmp/PluginVungle.dst;
				GCC_C_LANGUAGE_STANDARD = "compiler-default";
				GCC_PRECOMPILE_PREFIX_HEADER = YES;
				GCC_PREFIX_HEADER = "PluginVungle-Prefix.pch";
				HEADER_SEARCH_PATHS = "$(SRCROOT)/../../../protocols/platform/ios";
				LIBRARY_SEARCH_PATHS = (
					"$(inherited)",
					"\"$(SRCROOT)/Vungle/include\"",
					"$(PROJECT_DIR)/Vungle",
				);
				OTHER_LDFLAGS = "-ObjC";
				PRODUCT_NAME = PluginVungle;
				SKIP_INSTALL = YES;
			};
			name = Release;
		};
/* End XCBuildConfiguration section */

/* Begin XCConfigurationList section */
		FADC44A2176EA82000B2D5ED /* Build configuration list for PBXProject "PluginVungle" */ = {
			isa = XCConfigurationList;
			buildConfigurations = (
				FADC44B3176EA82000B2D5ED /* Debug */,
				FADC44B4176EA82000B2D5ED /* Release */,
			);
			defaultConfigurationIsVisible = 0;
			defaultConfigurationName = Release;
		};
		FADC44B5176EA82000B2D5ED /* Build configuration list for PBXNativeTarget "PluginVungle" */ = {
			isa = XCConfigurationList;
			buildConfigurations = (
				FADC44B6176EA82000B2D5ED /* Debug */,
				FADC44B7176EA82000B2D5ED /* Release */,
			);
			defaultConfigurationIsVisible = 0;
			defaultConfigurationName = Release;
		};
/* End XCConfigurationList section */
	};
	rootObject = FADC449F176EA82000B2D5ED /* Project object */;
}
